
Microsoft Visual Studio Solution File, Format Version 12.00
# Visual Studio 14
VisualStudioVersion = 14.0.25420.1
MinimumVisualStudioVersion = 10.0.40219.1
Project("{FAE04EC0-301F-11D3-BF4B-00C04F79EFBC}") = "SLAMresearch", "SLAMresearch\SLAMresearch.csproj", "{C95505E4-1269-4694-8A5A-0A90314F2281}"
EndProject
Project("{FAE04EC0-301F-11D3-BF4B-00C04F79EFBC}") = "Environment", "Environment\Environment.csproj", "{85CC31B2-845D-44FD-86D5-3299C1163213}"
EndProject
Project("{FAE04EC0-301F-11D3-BF4B-00C04F79EFBC}") = "FaceRec", "FaceRec\FaceRec.csproj", "{8FF89A48-DF46-4960-8827-B9B508765367}"
EndProject
Global
	GlobalSection(SolutionConfigurationPlatforms) = preSolution
		Debug|Any CPU = Debug|Any CPU
		Release|Any CPU = Release|Any CPU
	EndGlobalSection
	GlobalSection(ProjectConfigurationPlatforms) = postSolution
		{C95505E4-1269-4694-8A5A-0A90314F2281}.Debug|Any CPU.ActiveCfg = Debug|Any CPU
		{C95505E4-1269-4694-8A5A-0A90314F2281}.Debug|Any CPU.Build.0 = Debug|Any CPU
		{C95505E4-1269-4694-8A5A-0A90314F2281}.Release|Any CPU.ActiveCfg = Release|Any CPU
		{C95505E4-1269-4694-8A5A-0A90314F2281}.Release|Any CPU.Build.0 = Release|Any CPU
		{85CC31B2-845D-44FD-86D5-3299C1163213}.Debug|Any CPU.ActiveCfg = Debug|Any CPU
		{85CC31B2-845D-44FD-86D5-3299C1163213}.Debug|Any CPU.Build.0 = Debug|Any CPU
		{85CC31B2-845D-44FD-86D5-3299C1163213}.Release|Any CPU.ActiveCfg = Release|Any CPU
		{85CC31B2-845D-44FD-86D5-3299C1163213}.Release|Any CPU.Build.0 = Release|Any CPU
		{8FF89A48-DF46-4960-8827-B9B508765367}.Debug|Any CPU.ActiveCfg = Debug|Any CPU
		{8FF89A48-DF46-4960-8827-B9B508765367}.Debug|Any CPU.Build.0 = Debug|Any CPU
		{8FF89A48-DF46-4960-8827-B9B508765367}.Release|Any CPU.ActiveCfg = Release|Any CPU
		{8FF89A48-DF46-4960-8827-B9B508765367}.Release|Any CPU.Build.0 = Release|Any CPU
	EndGlobalSection
	GlobalSection(SolutionProperties) = preSolution
		HideSolutionNode = FALSE
	EndGlobalSection
EndGlobal
